<?xml version="1.0" encoding="utf-8"?>
<Project ToolsVersion="4.0" xmlns="http://schemas.microsoft.com/developer/msbuild/2003">
  <ItemGroup>
    <Filter Include="Source Files">
      <UniqueIdentifier>{ab5d8ef8-128d-42f5-b99e-a249b26efbd0}</UniqueIdentifier>
    </Filter>
    <Filter Include="Generated Files">
      <UniqueIdentifier>{aaee8abb-1ad6-456d-a1b6-a35f2553137c}</UniqueIdentifier>
      <SourceControlFiles>False</SourceControlFiles>
    </Filter>
  </ItemGroup>
  <ItemGroup>
    <None Include="InputDisplayps.def" />
  </ItemGroup>
  <ItemGroup>
    <ClCompile Include="InputDisplay_i.c">
      <Filter>Generated Files</Filter>
    </ClCompile>
    <ClCompile Include="InputDisplay_p.c">
      <Filter>Generated Files</Filter>
    </ClCompile>
    <ClCompile Include="dlldata.c">
      <Filter>Generated Files</Filter>
    </ClCompile>
  </ItemGroup>
</Project>